
Microsoft Visual Studio Solution File, Format Version 12.00
# Visual Studio Version 17
VisualStudioVersion = 17.5.33516.290
MinimumVisualStudioVersion = 10.0.40219.1
Project("{FAE04EC0-301F-11D3-BF4B-00C04F79EFBC}") = "Design", "Flying Beaver IDE\Design.csproj", "{85D5AE08-4EB8-470E-B39A-B531CC9AF1DC}"
EndProject
Project("{FAE04EC0-301F-11D3-BF4B-00C04F79EFBC}") = "UI", "UI\UI.csproj", "{BEA92FC1-D09F-4EA8-980F-8CC0B90B5EC5}"
EndProject
Project("{FAE04EC0-301F-11D3-BF4B-00C04F79EFBC}") = "Logic", "Logic\Logic.csproj", "{925C91A4-2AF6-40EE-8814-49FDD375576F}"
EndProject
Project("{FAE04EC0-301F-11D3-BF4B-00C04F79EFBC}") = "Domain", "Domain\Domain.csproj", "{2F0E75BB-A19F-456F-84CB-096905041F56}"
EndProject
Project("{FAE04EC0-301F-11D3-BF4B-00C04F79EFBC}") = "DataStorage", "DataStorage\DataStorage.csproj", "{AFFEBB08-E3A7-48CF-B440-39491D9254CA}"
EndProject
Project("{FAE04EC0-301F-11D3-BF4B-00C04F79EFBC}") = "HtmlParserCore", "HtmlParserCore\HtmlParserCore.csproj", "{BCD9692F-C18F-4900-B125-D94140E73CC5}"
EndProject
Project("{FAE04EC0-301F-11D3-BF4B-00C04F79EFBC}") = "PoemTokenization", "PoemTokenization\PoemTokenization.csproj", "{B87A2ADC-43BD-475F-8A4B-0EC138682CC6}"
EndProject
Project("{FAE04EC0-301F-11D3-BF4B-00C04F79EFBC}") = "PoemTokenizer.Tests", "PoemTokenizer.Tests\PoemTokenizer.Tests.csproj", "{3E9378EC-D2EB-4671-8DA8-8F56AD72DB50}"
EndProject
Project("{FAE04EC0-301F-11D3-BF4B-00C04F79EFBC}") = "HtmlParserSlovnyk.Logic", "HtmlParserSlovnyk.Logic\HtmlParserSlovnyk.Logic.csproj", "{3929D6B1-7888-40EB-97D2-5842186C78D2}"
EndProject
Project("{FAE04EC0-301F-11D3-BF4B-00C04F79EFBC}") = "HtmlParserSlovnyk.UI", "HtmlParserSlovnyk.UI\HtmlParserSlovnyk.UI.csproj", "{193AAABF-6BD8-43AB-970C-5DDC32D1E0A1}"
EndProject
Project("{2150E333-8FDC-42A3-9474-1A3956D46DE8}") = "Helpers", "Helpers", "{E63C1EE2-3D7A-4AC1-8C0B-83CE0E7484CE}"
EndProject
Project("{2150E333-8FDC-42A3-9474-1A3956D46DE8}") = "Source", "Source", "{CD7275B3-AD13-441B-A636-6498B6A0E4FD}"
EndProject
Project("{2150E333-8FDC-42A3-9474-1A3956D46DE8}") = "WebParsing", "WebParsing", "{360B1577-4818-439C-BA99-9F5AB05F5EB3}"
EndProject
Project("{2150E333-8FDC-42A3-9474-1A3956D46DE8}") = "AnalyzingModules", "AnalyzingModules", "{3AE0845E-88E0-4026-8338-1E19D93EAB44}"
EndProject
Project("{FAE04EC0-301F-11D3-BF4B-00C04F79EFBC}") = "HtmlParserSlovnyk.Domain", "HtmlParserSlovnyk.Domain\HtmlParserSlovnyk.Domain.csproj", "{1442E40D-5AA2-49E3-814F-6CEF19307932}"
EndProject
Project("{2150E333-8FDC-42A3-9474-1A3956D46DE8}") = "SlovnykUA", "SlovnykUA", "{3D0DD5B3-3D2D-4D60-A37B-F92C07A36BD1}"
EndProject
Project("{FAE04EC0-301F-11D3-BF4B-00C04F79EFBC}") = "Converting.Logic", "Converting.Logic\Converting.Logic.csproj", "{296EDE8B-1A7C-43D8-8D2A-0A66F5EBB289}"
EndProject
Project("{2150E333-8FDC-42A3-9474-1A3956D46DE8}") = "Converting", "Converting", "{7DD31A72-4518-4ACA-96AE-694CFFE2082A}"
EndProject
Project("{FAE04EC0-301F-11D3-BF4B-00C04F79EFBC}") = "Converting.ConsoleApp", "Converting.ConsoleApp\Converting.ConsoleApp.csproj", "{FA80CF0A-B9B1-482A-84BE-5663C1982E1B}"
EndProject
Project("{FAE04EC0-301F-11D3-BF4B-00C04F79EFBC}") = "ConsoleHelpers.Core", "ConsoleHelpers.Core\ConsoleHelpers.Core.csproj", "{53F14CBB-01CF-4B4C-A933-30C34B7C3F3B}"
EndProject
Project("{FAE04EC0-301F-11D3-BF4B-00C04F79EFBC}") = "ConsoleHelpers.Viewer", "ConsoleHelpers.Viewer\ConsoleHelpers.Viewer.csproj", "{FF1BC1E5-18FF-48C3-908B-5C1EF22723A9}"
EndProject
Project("{FAE04EC0-301F-11D3-BF4B-00C04F79EFBC}") = "DbConsoleConnector", "DbConsoleConnector\DbConsoleConnector.csproj", "{B64E75B8-E983-4AF1-A0DB-5737788BE5D0}"
EndProject
Global
	GlobalSection(SolutionConfigurationPlatforms) = preSolution
		Debug|Any CPU = Debug|Any CPU
		Release|Any CPU = Release|Any CPU
	EndGlobalSection
	GlobalSection(ProjectConfigurationPlatforms) = postSolution
		{85D5AE08-4EB8-470E-B39A-B531CC9AF1DC}.Debug|Any CPU.ActiveCfg = Debug|Any CPU
		{85D5AE08-4EB8-470E-B39A-B531CC9AF1DC}.Debug|Any CPU.Build.0 = Debug|Any CPU
		{85D5AE08-4EB8-470E-B39A-B531CC9AF1DC}.Release|Any CPU.ActiveCfg = Release|Any CPU
		{85D5AE08-4EB8-470E-B39A-B531CC9AF1DC}.Release|Any CPU.Build.0 = Release|Any CPU
		{BEA92FC1-D09F-4EA8-980F-8CC0B90B5EC5}.Debug|Any CPU.ActiveCfg = Debug|Any CPU
		{BEA92FC1-D09F-4EA8-980F-8CC0B90B5EC5}.Debug|Any CPU.Build.0 = Debug|Any CPU
		{BEA92FC1-D09F-4EA8-980F-8CC0B90B5EC5}.Release|Any CPU.ActiveCfg = Release|Any CPU
		{BEA92FC1-D09F-4EA8-980F-8CC0B90B5EC5}.Release|Any CPU.Build.0 = Release|Any CPU
		{925C91A4-2AF6-40EE-8814-49FDD375576F}.Debug|Any CPU.ActiveCfg = Debug|Any CPU
		{925C91A4-2AF6-40EE-8814-49FDD375576F}.Debug|Any CPU.Build.0 = Debug|Any CPU
		{925C91A4-2AF6-40EE-8814-49FDD375576F}.Release|Any CPU.ActiveCfg = Release|Any CPU
		{925C91A4-2AF6-40EE-8814-49FDD375576F}.Release|Any CPU.Build.0 = Release|Any CPU
		{2F0E75BB-A19F-456F-84CB-096905041F56}.Debug|Any CPU.ActiveCfg = Debug|Any CPU
		{2F0E75BB-A19F-456F-84CB-096905041F56}.Debug|Any CPU.Build.0 = Debug|Any CPU
		{2F0E75BB-A19F-456F-84CB-096905041F56}.Release|Any CPU.ActiveCfg = Release|Any CPU
		{2F0E75BB-A19F-456F-84CB-096905041F56}.Release|Any CPU.Build.0 = Release|Any CPU
		{AFFEBB08-E3A7-48CF-B440-39491D9254CA}.Debug|Any CPU.ActiveCfg = Debug|Any CPU
		{AFFEBB08-E3A7-48CF-B440-39491D9254CA}.Debug|Any CPU.Build.0 = Debug|Any CPU
		{AFFEBB08-E3A7-48CF-B440-39491D9254CA}.Release|Any CPU.ActiveCfg = Release|Any CPU
		{AFFEBB08-E3A7-48CF-B440-39491D9254CA}.Release|Any CPU.Build.0 = Release|Any CPU
		{BCD9692F-C18F-4900-B125-D94140E73CC5}.Debug|Any CPU.ActiveCfg = Debug|Any CPU
		{BCD9692F-C18F-4900-B125-D94140E73CC5}.Debug|Any CPU.Build.0 = Debug|Any CPU
		{BCD9692F-C18F-4900-B125-D94140E73CC5}.Release|Any CPU.ActiveCfg = Release|Any CPU
		{BCD9692F-C18F-4900-B125-D94140E73CC5}.Release|Any CPU.Build.0 = Release|Any CPU
		{B87A2ADC-43BD-475F-8A4B-0EC138682CC6}.Debug|Any CPU.ActiveCfg = Debug|Any CPU
		{B87A2ADC-43BD-475F-8A4B-0EC138682CC6}.Debug|Any CPU.Build.0 = Debug|Any CPU
		{B87A2ADC-43BD-475F-8A4B-0EC138682CC6}.Release|Any CPU.ActiveCfg = Release|Any CPU
		{B87A2ADC-43BD-475F-8A4B-0EC138682CC6}.Release|Any CPU.Build.0 = Release|Any CPU
		{3E9378EC-D2EB-4671-8DA8-8F56AD72DB50}.Debug|Any CPU.ActiveCfg = Debug|Any CPU
		{3E9378EC-D2EB-4671-8DA8-8F56AD72DB50}.Debug|Any CPU.Build.0 = Debug|Any CPU
		{3E9378EC-D2EB-4671-8DA8-8F56AD72DB50}.Release|Any CPU.ActiveCfg = Release|Any CPU
		{3E9378EC-D2EB-4671-8DA8-8F56AD72DB50}.Release|Any CPU.Build.0 = Release|Any CPU
		{3929D6B1-7888-40EB-97D2-5842186C78D2}.Debug|Any CPU.ActiveCfg = Debug|Any CPU
		{3929D6B1-7888-40EB-97D2-5842186C78D2}.Debug|Any CPU.Build.0 = Debug|Any CPU
		{3929D6B1-7888-40EB-97D2-5842186C78D2}.Release|Any CPU.ActiveCfg = Release|Any CPU
		{3929D6B1-7888-40EB-97D2-5842186C78D2}.Release|Any CPU.Build.0 = Release|Any CPU
		{193AAABF-6BD8-43AB-970C-5DDC32D1E0A1}.Debug|Any CPU.ActiveCfg = Debug|Any CPU
		{193AAABF-6BD8-43AB-970C-5DDC32D1E0A1}.Debug|Any CPU.Build.0 = Debug|Any CPU
		{193AAABF-6BD8-43AB-970C-5DDC32D1E0A1}.Release|Any CPU.ActiveCfg = Release|Any CPU
		{193AAABF-6BD8-43AB-970C-5DDC32D1E0A1}.Release|Any CPU.Build.0 = Release|Any CPU
		{1442E40D-5AA2-49E3-814F-6CEF19307932}.Debug|Any CPU.ActiveCfg = Debug|Any CPU
		{1442E40D-5AA2-49E3-814F-6CEF19307932}.Debug|Any CPU.Build.0 = Debug|Any CPU
		{1442E40D-5AA2-49E3-814F-6CEF19307932}.Release|Any CPU.ActiveCfg = Release|Any CPU
		{1442E40D-5AA2-49E3-814F-6CEF19307932}.Release|Any CPU.Build.0 = Release|Any CPU
		{296EDE8B-1A7C-43D8-8D2A-0A66F5EBB289}.Debug|Any CPU.ActiveCfg = Debug|Any CPU
		{296EDE8B-1A7C-43D8-8D2A-0A66F5EBB289}.Debug|Any CPU.Build.0 = Debug|Any CPU
		{296EDE8B-1A7C-43D8-8D2A-0A66F5EBB289}.Release|Any CPU.ActiveCfg = Release|Any CPU
		{296EDE8B-1A7C-43D8-8D2A-0A66F5EBB289}.Release|Any CPU.Build.0 = Release|Any CPU
		{FA80CF0A-B9B1-482A-84BE-5663C1982E1B}.Debug|Any CPU.ActiveCfg = Debug|Any CPU
		{FA80CF0A-B9B1-482A-84BE-5663C1982E1B}.Debug|Any CPU.Build.0 = Debug|Any CPU
		{FA80CF0A-B9B1-482A-84BE-5663C1982E1B}.Release|Any CPU.ActiveCfg = Release|Any CPU
		{FA80CF0A-B9B1-482A-84BE-5663C1982E1B}.Release|Any CPU.Build.0 = Release|Any CPU
		{53F14CBB-01CF-4B4C-A933-30C34B7C3F3B}.Debug|Any CPU.ActiveCfg = Debug|Any CPU
		{53F14CBB-01CF-4B4C-A933-30C34B7C3F3B}.Debug|Any CPU.Build.0 = Debug|Any CPU
		{53F14CBB-01CF-4B4C-A933-30C34B7C3F3B}.Release|Any CPU.ActiveCfg = Release|Any CPU
		{53F14CBB-01CF-4B4C-A933-30C34B7C3F3B}.Release|Any CPU.Build.0 = Release|Any CPU
		{FF1BC1E5-18FF-48C3-908B-5C1EF22723A9}.Debug|Any CPU.ActiveCfg = Debug|Any CPU
		{FF1BC1E5-18FF-48C3-908B-5C1EF22723A9}.Debug|Any CPU.Build.0 = Debug|Any CPU
		{FF1BC1E5-18FF-48C3-908B-5C1EF22723A9}.Release|Any CPU.ActiveCfg = Release|Any CPU
		{FF1BC1E5-18FF-48C3-908B-5C1EF22723A9}.Release|Any CPU.Build.0 = Release|Any CPU
		{B64E75B8-E983-4AF1-A0DB-5737788BE5D0}.Debug|Any CPU.ActiveCfg = Debug|Any CPU
		{B64E75B8-E983-4AF1-A0DB-5737788BE5D0}.Debug|Any CPU.Build.0 = Debug|Any CPU
		{B64E75B8-E983-4AF1-A0DB-5737788BE5D0}.Release|Any CPU.ActiveCfg = Release|Any CPU
		{B64E75B8-E983-4AF1-A0DB-5737788BE5D0}.Release|Any CPU.Build.0 = Release|Any CPU
	EndGlobalSection
	GlobalSection(SolutionProperties) = preSolution
		HideSolutionNode = FALSE
	EndGlobalSection
	GlobalSection(ExtensibilityGlobals) = postSolution
		SolutionGuid = {DE1DE04E-D3C2-4E0D-9877-C84C63833C16}
	EndGlobalSection
	GlobalSection(NestedProjects) = preSolution
		{BEA92FC1-D09F-4EA8-980F-8CC0B90B5EC5} = {CD7275B3-AD13-441B-A636-6498B6A0E4FD}
		{925C91A4-2AF6-40EE-8814-49FDD375576F} = {CD7275B3-AD13-441B-A636-6498B6A0E4FD}
		{85D5AE08-4EB8-470E-B39A-B531CC9AF1DC} = {CD7275B3-AD13-441B-A636-6498B6A0E4FD}
		{360B1577-4818-439C-BA99-9F5AB05F5EB3} = {E63C1EE2-3D7A-4AC1-8C0B-83CE0E7484CE}
		{BCD9692F-C18F-4900-B125-D94140E73CC5} = {360B1577-4818-439C-BA99-9F5AB05F5EB3}
		{B87A2ADC-43BD-475F-8A4B-0EC138682CC6} = {3AE0845E-88E0-4026-8338-1E19D93EAB44}
		{3E9378EC-D2EB-4671-8DA8-8F56AD72DB50} = {3AE0845E-88E0-4026-8338-1E19D93EAB44}
		{AFFEBB08-E3A7-48CF-B440-39491D9254CA} = {CD7275B3-AD13-441B-A636-6498B6A0E4FD}
		{3D0DD5B3-3D2D-4D60-A37B-F92C07A36BD1} = {360B1577-4818-439C-BA99-9F5AB05F5EB3}
		{1442E40D-5AA2-49E3-814F-6CEF19307932} = {3D0DD5B3-3D2D-4D60-A37B-F92C07A36BD1}
		{3929D6B1-7888-40EB-97D2-5842186C78D2} = {3D0DD5B3-3D2D-4D60-A37B-F92C07A36BD1}
		{193AAABF-6BD8-43AB-970C-5DDC32D1E0A1} = {3D0DD5B3-3D2D-4D60-A37B-F92C07A36BD1}
		{7DD31A72-4518-4ACA-96AE-694CFFE2082A} = {E63C1EE2-3D7A-4AC1-8C0B-83CE0E7484CE}
		{296EDE8B-1A7C-43D8-8D2A-0A66F5EBB289} = {7DD31A72-4518-4ACA-96AE-694CFFE2082A}
		{FA80CF0A-B9B1-482A-84BE-5663C1982E1B} = {7DD31A72-4518-4ACA-96AE-694CFFE2082A}
		{53F14CBB-01CF-4B4C-A933-30C34B7C3F3B} = {E63C1EE2-3D7A-4AC1-8C0B-83CE0E7484CE}
		{FF1BC1E5-18FF-48C3-908B-5C1EF22723A9} = {E63C1EE2-3D7A-4AC1-8C0B-83CE0E7484CE}
		{B64E75B8-E983-4AF1-A0DB-5737788BE5D0} = {E63C1EE2-3D7A-4AC1-8C0B-83CE0E7484CE}
		{2F0E75BB-A19F-456F-84CB-096905041F56} = {CD7275B3-AD13-441B-A636-6498B6A0E4FD}
		{3AE0845E-88E0-4026-8338-1E19D93EAB44} = {CD7275B3-AD13-441B-A636-6498B6A0E4FD}
	EndGlobalSection
EndGlobal
